
Microsoft Visual Studio Solution File, Format Version 12.00
# Visual Studio Version 17
VisualStudioVersion = 17.8.34408.163
MinimumVisualStudioVersion = 10.0.40219.1
Project("{9A19103F-16F7-4668-BE54-9A1E7A4F7556}") = "QuicksortPart1", "QuicksortPart1\QuicksortPart1.csproj", "{15F11934-799C-4666-830E-8A3D6C89B516}"
EndProject
Project("{9A19103F-16F7-4668-BE54-9A1E7A4F7556}") = "QuicksortPart2", "QuicksortPart2\QuicksortPart2.csproj", "{317338BD-3DEF-42D5-A67A-768D3F27BE12}"
EndProject
Project("{9A19103F-16F7-4668-BE54-9A1E7A4F7556}") = "QuicksortInPlace", "QuicksortInPlace\QuicksortInPlace.csproj", "{F5A61813-6352-4F4E-B2F8-DB6061E55A89}"
EndProject
Project("{FAE04EC0-301F-11D3-BF4B-00C04F79EFBC}") = "QuicksortVsInsertion", "QuicksortVsInsertion\QuicksortVsInsertion.csproj", "{32F19964-34DE-4603-A376-D0FD1FBC6C86}"
EndProject
Global
	GlobalSection(SolutionConfigurationPlatforms) = preSolution
		Debug|Any CPU = Debug|Any CPU
		Release|Any CPU = Release|Any CPU
	EndGlobalSection
	GlobalSection(ProjectConfigurationPlatforms) = postSolution
		{15F11934-799C-4666-830E-8A3D6C89B516}.Debug|Any CPU.ActiveCfg = Debug|Any CPU
		{15F11934-799C-4666-830E-8A3D6C89B516}.Debug|Any CPU.Build.0 = Debug|Any CPU
		{15F11934-799C-4666-830E-8A3D6C89B516}.Release|Any CPU.ActiveCfg = Release|Any CPU
		{15F11934-799C-4666-830E-8A3D6C89B516}.Release|Any CPU.Build.0 = Release|Any CPU
		{317338BD-3DEF-42D5-A67A-768D3F27BE12}.Debug|Any CPU.ActiveCfg = Debug|Any CPU
		{317338BD-3DEF-42D5-A67A-768D3F27BE12}.Debug|Any CPU.Build.0 = Debug|Any CPU
		{317338BD-3DEF-42D5-A67A-768D3F27BE12}.Release|Any CPU.ActiveCfg = Release|Any CPU
		{317338BD-3DEF-42D5-A67A-768D3F27BE12}.Release|Any CPU.Build.0 = Release|Any CPU
		{F5A61813-6352-4F4E-B2F8-DB6061E55A89}.Debug|Any CPU.ActiveCfg = Debug|Any CPU
		{F5A61813-6352-4F4E-B2F8-DB6061E55A89}.Debug|Any CPU.Build.0 = Debug|Any CPU
		{F5A61813-6352-4F4E-B2F8-DB6061E55A89}.Release|Any CPU.ActiveCfg = Release|Any CPU
		{F5A61813-6352-4F4E-B2F8-DB6061E55A89}.Release|Any CPU.Build.0 = Release|Any CPU
		{32F19964-34DE-4603-A376-D0FD1FBC6C86}.Debug|Any CPU.ActiveCfg = Debug|Any CPU
		{32F19964-34DE-4603-A376-D0FD1FBC6C86}.Debug|Any CPU.Build.0 = Debug|Any CPU
		{32F19964-34DE-4603-A376-D0FD1FBC6C86}.Release|Any CPU.ActiveCfg = Release|Any CPU
		{32F19964-34DE-4603-A376-D0FD1FBC6C86}.Release|Any CPU.Build.0 = Release|Any CPU
	EndGlobalSection
	GlobalSection(SolutionProperties) = preSolution
		HideSolutionNode = FALSE
	EndGlobalSection
	GlobalSection(ExtensibilityGlobals) = postSolution
		SolutionGuid = {19CCC136-3E0F-4ED2-B95E-6FEB0F212E5A}
	EndGlobalSection
EndGlobal
